
Microsoft Visual Studio Solution File, Format Version 12.00
# Visual Studio Version 17
VisualStudioVersion = 17.0.31903.59
MinimumVisualStudioVersion = 10.0.40219.1
Project("{2150E333-8FDC-42A3-9474-1A3956D46DE8}") = "src", "src", "{8AC3B64A-BAE9-4C7C-9724-40469DE7ECE1}"
EndProject
Project("{2150E333-8FDC-42A3-9474-1A3956D46DE8}") = "Abstractions", "Abstractions", "{93A3DEA7-3AA6-47E9-9D36-9E5C222AE3AB}"
EndProject
Project("{FAE04EC0-301F-11D3-BF4B-00C04F79EFBC}") = "Tnosc.Components.Abstractrions.ApplicationService", "src\Abstractions\Tnosc.Components.Abstractrions.ApplicationService\Tnosc.Components.Abstractrions.ApplicationService.csproj", "{C94CBEE2-7EFF-4CD1-9503-133636023497}"
EndProject
Project("{2150E333-8FDC-42A3-9474-1A3956D46DE8}") = "Infrastructure", "Infrastructure", "{CE050A2E-C249-4DAA-B6E7-BE8A4619FC20}"
EndProject
Project("{FAE04EC0-301F-11D3-BF4B-00C04F79EFBC}") = "Tnosc.Components.Infrastructure.ApplicationService", "src\Infrastructure\Tnosc.Components.Infrastructure.ApplicationService\Tnosc.Components.Infrastructure.ApplicationService.csproj", "{8DA0F71E-7338-468E-B3E7-30639C5657BC}"
EndProject
Project("{2150E333-8FDC-42A3-9474-1A3956D46DE8}") = "tests", "tests", "{01D2A6CA-0205-45DA-8F98-38D1319DF817}"
EndProject
Project("{FAE04EC0-301F-11D3-BF4B-00C04F79EFBC}") = "Tnosc.Components.Tests", "tests\Tnosc.Components.Tests\Tnosc.Components.Tests.csproj", "{76F3403F-2EBA-4EFB-AC86-BEF29FEF94DE}"
EndProject
Project("{FAE04EC0-301F-11D3-BF4B-00C04F79EFBC}") = "Tnosc.Components.Infrastructure.Database", "src\Infrastructure\Tnosc.Components.Infrastructure.Database\Tnosc.Components.Infrastructure.Database.csproj", "{9270E18E-8ACB-4D87-BFF6-F08A73B4BF32}"
EndProject
Project("{FAE04EC0-301F-11D3-BF4B-00C04F79EFBC}") = "Tnosc.Components.Abstractions.Database", "src\Abstractions\Tnosc.Components.Abstractions.Database\Tnosc.Components.Abstractions.Database.csproj", "{56220BCE-8B68-471D-8903-48345A46329B}"
EndProject
Project("{FAE04EC0-301F-11D3-BF4B-00C04F79EFBC}") = "Tnosc.Components.Abstractions.Common", "src\Abstractions\Tnosc.Components.Abstractions.Common\Tnosc.Components.Abstractions.Common.csproj", "{DCDC7263-1C31-4F92-ABBC-7E165474CD6D}"
EndProject
Project("{FAE04EC0-301F-11D3-BF4B-00C04F79EFBC}") = "Tnosc.Components.Abstractions.DomainModel", "src\Abstractions\Tnosc.Components.Abstractions.DomainModel\Tnosc.Components.Abstractions.DomainModel.csproj", "{C846EAD9-9FC1-42F0-B628-D87664306D56}"
EndProject
Project("{FAE04EC0-301F-11D3-BF4B-00C04F79EFBC}") = "Tnosc.Components.Infrastructure.Common", "src\Infrastructure\Tnosc.Components.Infrastructure.Common\Tnosc.Components.Infrastructure.Common.csproj", "{E01E25C2-A698-4D40-80DE-53F4325ECBF7}"
EndProject
Global
	GlobalSection(SolutionConfigurationPlatforms) = preSolution
		Debug|Any CPU = Debug|Any CPU
		Release|Any CPU = Release|Any CPU
	EndGlobalSection
	GlobalSection(SolutionProperties) = preSolution
		HideSolutionNode = FALSE
	EndGlobalSection
	GlobalSection(ProjectConfigurationPlatforms) = postSolution
		{C94CBEE2-7EFF-4CD1-9503-133636023497}.Debug|Any CPU.ActiveCfg = Debug|Any CPU
		{C94CBEE2-7EFF-4CD1-9503-133636023497}.Debug|Any CPU.Build.0 = Debug|Any CPU
		{C94CBEE2-7EFF-4CD1-9503-133636023497}.Release|Any CPU.ActiveCfg = Release|Any CPU
		{C94CBEE2-7EFF-4CD1-9503-133636023497}.Release|Any CPU.Build.0 = Release|Any CPU
		{8DA0F71E-7338-468E-B3E7-30639C5657BC}.Debug|Any CPU.ActiveCfg = Debug|Any CPU
		{8DA0F71E-7338-468E-B3E7-30639C5657BC}.Debug|Any CPU.Build.0 = Debug|Any CPU
		{8DA0F71E-7338-468E-B3E7-30639C5657BC}.Release|Any CPU.ActiveCfg = Release|Any CPU
		{8DA0F71E-7338-468E-B3E7-30639C5657BC}.Release|Any CPU.Build.0 = Release|Any CPU
		{76F3403F-2EBA-4EFB-AC86-BEF29FEF94DE}.Debug|Any CPU.ActiveCfg = Debug|Any CPU
		{76F3403F-2EBA-4EFB-AC86-BEF29FEF94DE}.Debug|Any CPU.Build.0 = Debug|Any CPU
		{76F3403F-2EBA-4EFB-AC86-BEF29FEF94DE}.Release|Any CPU.ActiveCfg = Release|Any CPU
		{76F3403F-2EBA-4EFB-AC86-BEF29FEF94DE}.Release|Any CPU.Build.0 = Release|Any CPU
		{9270E18E-8ACB-4D87-BFF6-F08A73B4BF32}.Debug|Any CPU.ActiveCfg = Debug|Any CPU
		{9270E18E-8ACB-4D87-BFF6-F08A73B4BF32}.Debug|Any CPU.Build.0 = Debug|Any CPU
		{9270E18E-8ACB-4D87-BFF6-F08A73B4BF32}.Release|Any CPU.ActiveCfg = Release|Any CPU
		{9270E18E-8ACB-4D87-BFF6-F08A73B4BF32}.Release|Any CPU.Build.0 = Release|Any CPU
		{56220BCE-8B68-471D-8903-48345A46329B}.Debug|Any CPU.ActiveCfg = Debug|Any CPU
		{56220BCE-8B68-471D-8903-48345A46329B}.Debug|Any CPU.Build.0 = Debug|Any CPU
		{56220BCE-8B68-471D-8903-48345A46329B}.Release|Any CPU.ActiveCfg = Release|Any CPU
		{56220BCE-8B68-471D-8903-48345A46329B}.Release|Any CPU.Build.0 = Release|Any CPU
		{DCDC7263-1C31-4F92-ABBC-7E165474CD6D}.Debug|Any CPU.ActiveCfg = Debug|Any CPU
		{DCDC7263-1C31-4F92-ABBC-7E165474CD6D}.Debug|Any CPU.Build.0 = Debug|Any CPU
		{DCDC7263-1C31-4F92-ABBC-7E165474CD6D}.Release|Any CPU.ActiveCfg = Release|Any CPU
		{DCDC7263-1C31-4F92-ABBC-7E165474CD6D}.Release|Any CPU.Build.0 = Release|Any CPU
		{C846EAD9-9FC1-42F0-B628-D87664306D56}.Debug|Any CPU.ActiveCfg = Debug|Any CPU
		{C846EAD9-9FC1-42F0-B628-D87664306D56}.Debug|Any CPU.Build.0 = Debug|Any CPU
		{C846EAD9-9FC1-42F0-B628-D87664306D56}.Release|Any CPU.ActiveCfg = Release|Any CPU
		{C846EAD9-9FC1-42F0-B628-D87664306D56}.Release|Any CPU.Build.0 = Release|Any CPU
		{E01E25C2-A698-4D40-80DE-53F4325ECBF7}.Debug|Any CPU.ActiveCfg = Debug|Any CPU
		{E01E25C2-A698-4D40-80DE-53F4325ECBF7}.Debug|Any CPU.Build.0 = Debug|Any CPU
		{E01E25C2-A698-4D40-80DE-53F4325ECBF7}.Release|Any CPU.ActiveCfg = Release|Any CPU
		{E01E25C2-A698-4D40-80DE-53F4325ECBF7}.Release|Any CPU.Build.0 = Release|Any CPU
	EndGlobalSection
	GlobalSection(NestedProjects) = preSolution
		{93A3DEA7-3AA6-47E9-9D36-9E5C222AE3AB} = {8AC3B64A-BAE9-4C7C-9724-40469DE7ECE1}
		{C94CBEE2-7EFF-4CD1-9503-133636023497} = {93A3DEA7-3AA6-47E9-9D36-9E5C222AE3AB}
		{CE050A2E-C249-4DAA-B6E7-BE8A4619FC20} = {8AC3B64A-BAE9-4C7C-9724-40469DE7ECE1}
		{8DA0F71E-7338-468E-B3E7-30639C5657BC} = {CE050A2E-C249-4DAA-B6E7-BE8A4619FC20}
		{76F3403F-2EBA-4EFB-AC86-BEF29FEF94DE} = {01D2A6CA-0205-45DA-8F98-38D1319DF817}
		{9270E18E-8ACB-4D87-BFF6-F08A73B4BF32} = {CE050A2E-C249-4DAA-B6E7-BE8A4619FC20}
		{56220BCE-8B68-471D-8903-48345A46329B} = {93A3DEA7-3AA6-47E9-9D36-9E5C222AE3AB}
		{DCDC7263-1C31-4F92-ABBC-7E165474CD6D} = {93A3DEA7-3AA6-47E9-9D36-9E5C222AE3AB}
		{C846EAD9-9FC1-42F0-B628-D87664306D56} = {93A3DEA7-3AA6-47E9-9D36-9E5C222AE3AB}
		{E01E25C2-A698-4D40-80DE-53F4325ECBF7} = {CE050A2E-C249-4DAA-B6E7-BE8A4619FC20}
	EndGlobalSection
EndGlobal
