
Microsoft Visual Studio Solution File, Format Version 12.00
# Visual Studio Version 17
VisualStudioVersion = 17.0.31903.59
MinimumVisualStudioVersion = 10.0.40219.1
Project("{2150E333-8FDC-42A3-9474-1A3956D46DE8}") = "src", "src", "{8AC3B64A-BAE9-4C7C-9724-40469DE7ECE1}"
EndProject
Project("{2150E333-8FDC-42A3-9474-1A3956D46DE8}") = "Abstractions", "Abstractions", "{93A3DEA7-3AA6-47E9-9D36-9E5C222AE3AB}"
EndProject
Project("{9A19103F-16F7-4668-BE54-9A1E7A4F7556}") = "Tnosc.Components.Abstractions.ApplicationService", "src\Abstractions\Tnosc.Components.Abstractions.ApplicationService\Tnosc.Components.Abstractions.ApplicationService.csproj", "{C94CBEE2-7EFF-4CD1-9503-133636023497}"
EndProject
Project("{2150E333-8FDC-42A3-9474-1A3956D46DE8}") = "Infrastructure", "Infrastructure", "{CE050A2E-C249-4DAA-B6E7-BE8A4619FC20}"
EndProject
Project("{9A19103F-16F7-4668-BE54-9A1E7A4F7556}") = "Tnosc.Components.Infrastructure.ApplicationService", "src\Infrastructure\Tnosc.Components.Infrastructure.ApplicationService\Tnosc.Components.Infrastructure.ApplicationService.csproj", "{8DA0F71E-7338-468E-B3E7-30639C5657BC}"
EndProject
Project("{2150E333-8FDC-42A3-9474-1A3956D46DE8}") = "tests", "tests", "{01D2A6CA-0205-45DA-8F98-38D1319DF817}"
EndProject
Project("{9A19103F-16F7-4668-BE54-9A1E7A4F7556}") = "Tnosc.Components.Tests", "tests\Tnosc.Components.Tests\Tnosc.Components.Tests.csproj", "{76F3403F-2EBA-4EFB-AC86-BEF29FEF94DE}"
EndProject
Project("{9A19103F-16F7-4668-BE54-9A1E7A4F7556}") = "Tnosc.Components.Infrastructure.Database", "src\Infrastructure\Tnosc.Components.Infrastructure.Database\Tnosc.Components.Infrastructure.Database.csproj", "{9270E18E-8ACB-4D87-BFF6-F08A73B4BF32}"
EndProject
Project("{9A19103F-16F7-4668-BE54-9A1E7A4F7556}") = "Tnosc.Components.Abstractions.Database", "src\Abstractions\Tnosc.Components.Abstractions.Database\Tnosc.Components.Abstractions.Database.csproj", "{56220BCE-8B68-471D-8903-48345A46329B}"
EndProject
Project("{9A19103F-16F7-4668-BE54-9A1E7A4F7556}") = "Tnosc.Components.Abstractions.Common", "src\Abstractions\Tnosc.Components.Abstractions.Common\Tnosc.Components.Abstractions.Common.csproj", "{DCDC7263-1C31-4F92-ABBC-7E165474CD6D}"
EndProject
Project("{9A19103F-16F7-4668-BE54-9A1E7A4F7556}") = "Tnosc.Components.Abstractions.DomainModel", "src\Abstractions\Tnosc.Components.Abstractions.DomainModel\Tnosc.Components.Abstractions.DomainModel.csproj", "{C846EAD9-9FC1-42F0-B628-D87664306D56}"
EndProject
Project("{9A19103F-16F7-4668-BE54-9A1E7A4F7556}") = "Tnosc.Components.Infrastructure.Common", "src\Infrastructure\Tnosc.Components.Infrastructure.Common\Tnosc.Components.Infrastructure.Common.csproj", "{E01E25C2-A698-4D40-80DE-53F4325ECBF7}"
EndProject
Project("{9A19103F-16F7-4668-BE54-9A1E7A4F7556}") = "Tnosc.Components.Infrastructure.Module", "src\Infrastructure\Tnosc.Components.Infrastructure.Module\Tnosc.Components.Infrastructure.Module.csproj", "{F57C7E69-3B43-43BE-B5D3-39C06E0A2CD5}"
EndProject
Project("{9A19103F-16F7-4668-BE54-9A1E7A4F7556}") = "Tnosc.Components.Abstractions.Module", "src\Abstractions\Tnosc.Components.Abstractions.Module\Tnosc.Components.Abstractions.Module.csproj", "{6E483E54-DC84-403F-9ED4-E83625692F76}"
EndProject
Project("{9A19103F-16F7-4668-BE54-9A1E7A4F7556}") = "Tnosc.Framework.Module.Core", "src\Modules\Tnosc.Framework.Module.Core\Tnosc.Framework.Module.Core.csproj", "{11802870-37BE-448C-8AB3-85214B6F3440}"
EndProject
Project("{2150E333-8FDC-42A3-9474-1A3956D46DE8}") = "Modules", "Modules", "{765743BF-EB46-4C09-B4E6-B4C84AE3A0A4}"
EndProject
Project("{9A19103F-16F7-4668-BE54-9A1E7A4F7556}") = "Tnosc.Components.Infrastructure.Api", "src\Infrastructure\Tnosc.Components.Infrastructure.Api\Tnosc.Components.Infrastructure.Api.csproj", "{0F225F69-1975-4745-91F9-2E0C7648EEDC}"
EndProject
Project("{9A19103F-16F7-4668-BE54-9A1E7A4F7556}") = "Tnosc.Components.Abstractions.Context", "src\Abstractions\Tnosc.Components.Abstractions.Context\Tnosc.Components.Abstractions.Context.csproj", "{3D61E9E3-3A1E-4A81-882E-6BEC231F7293}"
EndProject
Project("{9A19103F-16F7-4668-BE54-9A1E7A4F7556}") = "Tnosc.Components.Infrastructure.Context", "src\Infrastructure\Tnosc.Components.Infrastructure.Context\Tnosc.Components.Infrastructure.Context.csproj", "{EC46C407-3715-4212-9AEB-11A9FD71B234}"
EndProject
Project("{FAE04EC0-301F-11D3-BF4B-00C04F79EFBC}") = "Tnosc.Components.Infrastructure.Logging", "src\Infrastructure\Tnosc.Components.Infrastructure.Logging\Tnosc.Components.Infrastructure.Logging.csproj", "{3BAEA521-597B-4B56-8AC9-E3894FB20E0E}"
EndProject
Global
	GlobalSection(SolutionConfigurationPlatforms) = preSolution
		Debug|Any CPU = Debug|Any CPU
		Release|Any CPU = Release|Any CPU
	EndGlobalSection
	GlobalSection(ProjectConfigurationPlatforms) = postSolution
		{C94CBEE2-7EFF-4CD1-9503-133636023497}.Debug|Any CPU.ActiveCfg = Debug|Any CPU
		{C94CBEE2-7EFF-4CD1-9503-133636023497}.Debug|Any CPU.Build.0 = Debug|Any CPU
		{C94CBEE2-7EFF-4CD1-9503-133636023497}.Release|Any CPU.ActiveCfg = Release|Any CPU
		{C94CBEE2-7EFF-4CD1-9503-133636023497}.Release|Any CPU.Build.0 = Release|Any CPU
		{8DA0F71E-7338-468E-B3E7-30639C5657BC}.Debug|Any CPU.ActiveCfg = Debug|Any CPU
		{8DA0F71E-7338-468E-B3E7-30639C5657BC}.Debug|Any CPU.Build.0 = Debug|Any CPU
		{8DA0F71E-7338-468E-B3E7-30639C5657BC}.Release|Any CPU.ActiveCfg = Release|Any CPU
		{8DA0F71E-7338-468E-B3E7-30639C5657BC}.Release|Any CPU.Build.0 = Release|Any CPU
		{76F3403F-2EBA-4EFB-AC86-BEF29FEF94DE}.Debug|Any CPU.ActiveCfg = Debug|Any CPU
		{76F3403F-2EBA-4EFB-AC86-BEF29FEF94DE}.Debug|Any CPU.Build.0 = Debug|Any CPU
		{76F3403F-2EBA-4EFB-AC86-BEF29FEF94DE}.Release|Any CPU.ActiveCfg = Release|Any CPU
		{76F3403F-2EBA-4EFB-AC86-BEF29FEF94DE}.Release|Any CPU.Build.0 = Release|Any CPU
		{9270E18E-8ACB-4D87-BFF6-F08A73B4BF32}.Debug|Any CPU.ActiveCfg = Debug|Any CPU
		{9270E18E-8ACB-4D87-BFF6-F08A73B4BF32}.Debug|Any CPU.Build.0 = Debug|Any CPU
		{9270E18E-8ACB-4D87-BFF6-F08A73B4BF32}.Release|Any CPU.ActiveCfg = Release|Any CPU
		{9270E18E-8ACB-4D87-BFF6-F08A73B4BF32}.Release|Any CPU.Build.0 = Release|Any CPU
		{56220BCE-8B68-471D-8903-48345A46329B}.Debug|Any CPU.ActiveCfg = Debug|Any CPU
		{56220BCE-8B68-471D-8903-48345A46329B}.Debug|Any CPU.Build.0 = Debug|Any CPU
		{56220BCE-8B68-471D-8903-48345A46329B}.Release|Any CPU.ActiveCfg = Release|Any CPU
		{56220BCE-8B68-471D-8903-48345A46329B}.Release|Any CPU.Build.0 = Release|Any CPU
		{DCDC7263-1C31-4F92-ABBC-7E165474CD6D}.Debug|Any CPU.ActiveCfg = Debug|Any CPU
		{DCDC7263-1C31-4F92-ABBC-7E165474CD6D}.Debug|Any CPU.Build.0 = Debug|Any CPU
		{DCDC7263-1C31-4F92-ABBC-7E165474CD6D}.Release|Any CPU.ActiveCfg = Release|Any CPU
		{DCDC7263-1C31-4F92-ABBC-7E165474CD6D}.Release|Any CPU.Build.0 = Release|Any CPU
		{C846EAD9-9FC1-42F0-B628-D87664306D56}.Debug|Any CPU.ActiveCfg = Debug|Any CPU
		{C846EAD9-9FC1-42F0-B628-D87664306D56}.Debug|Any CPU.Build.0 = Debug|Any CPU
		{C846EAD9-9FC1-42F0-B628-D87664306D56}.Release|Any CPU.ActiveCfg = Release|Any CPU
		{C846EAD9-9FC1-42F0-B628-D87664306D56}.Release|Any CPU.Build.0 = Release|Any CPU
		{E01E25C2-A698-4D40-80DE-53F4325ECBF7}.Debug|Any CPU.ActiveCfg = Debug|Any CPU
		{E01E25C2-A698-4D40-80DE-53F4325ECBF7}.Debug|Any CPU.Build.0 = Debug|Any CPU
		{E01E25C2-A698-4D40-80DE-53F4325ECBF7}.Release|Any CPU.ActiveCfg = Release|Any CPU
		{E01E25C2-A698-4D40-80DE-53F4325ECBF7}.Release|Any CPU.Build.0 = Release|Any CPU
		{F57C7E69-3B43-43BE-B5D3-39C06E0A2CD5}.Debug|Any CPU.ActiveCfg = Debug|Any CPU
		{F57C7E69-3B43-43BE-B5D3-39C06E0A2CD5}.Debug|Any CPU.Build.0 = Debug|Any CPU
		{F57C7E69-3B43-43BE-B5D3-39C06E0A2CD5}.Release|Any CPU.ActiveCfg = Release|Any CPU
		{F57C7E69-3B43-43BE-B5D3-39C06E0A2CD5}.Release|Any CPU.Build.0 = Release|Any CPU
		{6E483E54-DC84-403F-9ED4-E83625692F76}.Debug|Any CPU.ActiveCfg = Debug|Any CPU
		{6E483E54-DC84-403F-9ED4-E83625692F76}.Debug|Any CPU.Build.0 = Debug|Any CPU
		{6E483E54-DC84-403F-9ED4-E83625692F76}.Release|Any CPU.ActiveCfg = Release|Any CPU
		{6E483E54-DC84-403F-9ED4-E83625692F76}.Release|Any CPU.Build.0 = Release|Any CPU
		{11802870-37BE-448C-8AB3-85214B6F3440}.Debug|Any CPU.ActiveCfg = Debug|Any CPU
		{11802870-37BE-448C-8AB3-85214B6F3440}.Debug|Any CPU.Build.0 = Debug|Any CPU
		{11802870-37BE-448C-8AB3-85214B6F3440}.Release|Any CPU.ActiveCfg = Release|Any CPU
		{11802870-37BE-448C-8AB3-85214B6F3440}.Release|Any CPU.Build.0 = Release|Any CPU
		{0F225F69-1975-4745-91F9-2E0C7648EEDC}.Debug|Any CPU.ActiveCfg = Debug|Any CPU
		{0F225F69-1975-4745-91F9-2E0C7648EEDC}.Debug|Any CPU.Build.0 = Debug|Any CPU
		{0F225F69-1975-4745-91F9-2E0C7648EEDC}.Release|Any CPU.ActiveCfg = Release|Any CPU
		{0F225F69-1975-4745-91F9-2E0C7648EEDC}.Release|Any CPU.Build.0 = Release|Any CPU
		{3D61E9E3-3A1E-4A81-882E-6BEC231F7293}.Debug|Any CPU.ActiveCfg = Debug|Any CPU
		{3D61E9E3-3A1E-4A81-882E-6BEC231F7293}.Debug|Any CPU.Build.0 = Debug|Any CPU
		{3D61E9E3-3A1E-4A81-882E-6BEC231F7293}.Release|Any CPU.ActiveCfg = Release|Any CPU
		{3D61E9E3-3A1E-4A81-882E-6BEC231F7293}.Release|Any CPU.Build.0 = Release|Any CPU
		{EC46C407-3715-4212-9AEB-11A9FD71B234}.Debug|Any CPU.ActiveCfg = Debug|Any CPU
		{EC46C407-3715-4212-9AEB-11A9FD71B234}.Debug|Any CPU.Build.0 = Debug|Any CPU
		{EC46C407-3715-4212-9AEB-11A9FD71B234}.Release|Any CPU.ActiveCfg = Release|Any CPU
		{EC46C407-3715-4212-9AEB-11A9FD71B234}.Release|Any CPU.Build.0 = Release|Any CPU
		{3BAEA521-597B-4B56-8AC9-E3894FB20E0E}.Debug|Any CPU.ActiveCfg = Debug|Any CPU
		{3BAEA521-597B-4B56-8AC9-E3894FB20E0E}.Debug|Any CPU.Build.0 = Debug|Any CPU
		{3BAEA521-597B-4B56-8AC9-E3894FB20E0E}.Release|Any CPU.ActiveCfg = Release|Any CPU
		{3BAEA521-597B-4B56-8AC9-E3894FB20E0E}.Release|Any CPU.Build.0 = Release|Any CPU
	EndGlobalSection
	GlobalSection(SolutionProperties) = preSolution
		HideSolutionNode = FALSE
	EndGlobalSection
	GlobalSection(NestedProjects) = preSolution
		{93A3DEA7-3AA6-47E9-9D36-9E5C222AE3AB} = {8AC3B64A-BAE9-4C7C-9724-40469DE7ECE1}
		{C94CBEE2-7EFF-4CD1-9503-133636023497} = {93A3DEA7-3AA6-47E9-9D36-9E5C222AE3AB}
		{CE050A2E-C249-4DAA-B6E7-BE8A4619FC20} = {8AC3B64A-BAE9-4C7C-9724-40469DE7ECE1}
		{8DA0F71E-7338-468E-B3E7-30639C5657BC} = {CE050A2E-C249-4DAA-B6E7-BE8A4619FC20}
		{76F3403F-2EBA-4EFB-AC86-BEF29FEF94DE} = {01D2A6CA-0205-45DA-8F98-38D1319DF817}
		{9270E18E-8ACB-4D87-BFF6-F08A73B4BF32} = {CE050A2E-C249-4DAA-B6E7-BE8A4619FC20}
		{56220BCE-8B68-471D-8903-48345A46329B} = {93A3DEA7-3AA6-47E9-9D36-9E5C222AE3AB}
		{DCDC7263-1C31-4F92-ABBC-7E165474CD6D} = {93A3DEA7-3AA6-47E9-9D36-9E5C222AE3AB}
		{C846EAD9-9FC1-42F0-B628-D87664306D56} = {93A3DEA7-3AA6-47E9-9D36-9E5C222AE3AB}
		{E01E25C2-A698-4D40-80DE-53F4325ECBF7} = {CE050A2E-C249-4DAA-B6E7-BE8A4619FC20}
		{F57C7E69-3B43-43BE-B5D3-39C06E0A2CD5} = {CE050A2E-C249-4DAA-B6E7-BE8A4619FC20}
		{6E483E54-DC84-403F-9ED4-E83625692F76} = {93A3DEA7-3AA6-47E9-9D36-9E5C222AE3AB}
		{11802870-37BE-448C-8AB3-85214B6F3440} = {765743BF-EB46-4C09-B4E6-B4C84AE3A0A4}
		{765743BF-EB46-4C09-B4E6-B4C84AE3A0A4} = {8AC3B64A-BAE9-4C7C-9724-40469DE7ECE1}
		{0F225F69-1975-4745-91F9-2E0C7648EEDC} = {CE050A2E-C249-4DAA-B6E7-BE8A4619FC20}
		{3D61E9E3-3A1E-4A81-882E-6BEC231F7293} = {93A3DEA7-3AA6-47E9-9D36-9E5C222AE3AB}
		{EC46C407-3715-4212-9AEB-11A9FD71B234} = {CE050A2E-C249-4DAA-B6E7-BE8A4619FC20}
		{3BAEA521-597B-4B56-8AC9-E3894FB20E0E} = {CE050A2E-C249-4DAA-B6E7-BE8A4619FC20}
	EndGlobalSection
	GlobalSection(ExtensibilityGlobals) = postSolution
		SolutionGuid = {F8315D19-A47F-4D74-85FD-08CFADFC5CC4}
	EndGlobalSection
EndGlobal
